<?xml version="1.0" encoding="utf-8"?>
<Project ToolsVersion="4.0" xmlns="http://schemas.microsoft.com/developer/msbuild/2003">
  <ItemGroup>
    <Filter Include="win32">
      <UniqueIdentifier>{84a8ebd7-7cf0-47f6-b75e-d441df67da40}</UniqueIdentifier>
    </Filter>
    <Filter Include="resource">
      <UniqueIdentifier>{715254bc-d70b-4ec5-bf29-467dd3ace079}</UniqueIdentifier>
    </Filter>
    <Filter Include="src">
      <UniqueIdentifier>{bb6c862e-70e9-49d9-81b7-3829a6f50471}</UniqueIdentifier>
    </Filter>
    <Filter Include="src\PoolObject">
      <UniqueIdentifier>{c28afa1d-33e0-41c5-a2b0-fba55d224853}</UniqueIdentifier>
    </Filter>
    <Filter Include="src\Zombie">
      <UniqueIdentifier>{f5d65d23-baf9-4a68-b06b-199c4f17931e}</UniqueIdentifier>
    </Filter>
  </ItemGroup>
  <ItemGroup>
    <ClCompile Include="main.cpp">
      <Filter>win32</Filter>
    </ClCompile>
    <ClCompile Include="..\Classes\PoolObject\PoolZombie.cpp">
      <Filter>src\PoolObject</Filter>
    </ClCompile>
    <ClCompile Include="..\Classes\Zombie\TestLine.cpp">
      <Filter>src\Zombie</Filter>
    </ClCompile>
    <ClCompile Include="..\Classes\Zombie\TestLine2.cpp">
      <Filter>src\Zombie</Filter>
    </ClCompile>
    <ClCompile Include="..\Classes\Zombie\CreateTestLine.cpp">
      <Filter>src\Zombie</Filter>
    </ClCompile>
    <ClCompile Include="..\Classes\Zombie\PZombie.cpp">
      <Filter>src\Zombie</Filter>
    </ClCompile>
    <ClCompile Include="..\Classes\GameObject.cpp">
      <Filter>src</Filter>
    </ClCompile>
    <ClCompile Include="..\Classes\GamePlayLayer.cpp">
      <Filter>src</Filter>
    </ClCompile>
    <ClCompile Include="..\Classes\HelloWorldScene.cpp">
      <Filter>src</Filter>
    </ClCompile>
    <ClCompile Include="..\Classes\Hero.cpp">
      <Filter>src</Filter>
    </ClCompile>
    <ClCompile Include="..\Classes\MenuLayer.cpp">
      <Filter>src</Filter>
    </ClCompile>
    <ClCompile Include="..\Classes\Money.cpp">
      <Filter>src</Filter>
    </ClCompile>
    <ClCompile Include="..\Classes\StoreLayer.cpp">
      <Filter>src</Filter>
    </ClCompile>
    <ClCompile Include="..\Classes\AppDelegate.cpp">
      <Filter>src</Filter>
    </ClCompile>
    <ClCompile Include="..\Classes\BackgroundLayer.cpp">
      <Filter>src</Filter>
    </ClCompile>
    <ClCompile Include="..\Classes\Base.cpp">
      <Filter>src</Filter>
    </ClCompile>
    <ClCompile Include="..\Classes\Bullet.cpp">
      <Filter>src</Filter>
    </ClCompile>
    <ClCompile Include="..\Classes\BulletObject.cpp">
      <Filter>src</Filter>
    </ClCompile>
    <ClCompile Include="..\Classes\Coin.cpp">
      <Filter>src</Filter>
    </ClCompile>
  </ItemGroup>
  <ItemGroup>
    <ClInclude Include="main.h">
      <Filter>win32</Filter>
    </ClInclude>
    <ClInclude Include="..\Classes\PoolObject\PoolZombie.h">
      <Filter>src\PoolObject</Filter>
    </ClInclude>
    <ClInclude Include="..\Classes\Zombie\PZombie.h">
      <Filter>src\Zombie</Filter>
    </ClInclude>
    <ClInclude Include="..\Classes\Zombie\TestLine.h">
      <Filter>src\Zombie</Filter>
    </ClInclude>
    <ClInclude Include="..\Classes\Zombie\TestLine2.h">
      <Filter>src\Zombie</Filter>
    </ClInclude>
    <ClInclude Include="..\Classes\Zombie\CreateTestLine.h">
      <Filter>src\Zombie</Filter>
    </ClInclude>
    <ClInclude Include="..\Classes\Coin.h">
      <Filter>src</Filter>
    </ClInclude>
    <ClInclude Include="..\Classes\GameObject.h">
      <Filter>src</Filter>
    </ClInclude>
    <ClInclude Include="..\Classes\GamePlayLayer.h">
      <Filter>src</Filter>
    </ClInclude>
    <ClInclude Include="..\Classes\HelloWorldScene.h">
      <Filter>src</Filter>
    </ClInclude>
    <ClInclude Include="..\Classes\Hero.h">
      <Filter>src</Filter>
    </ClInclude>
    <ClInclude Include="..\Classes\MenuLayer.h">
      <Filter>src</Filter>
    </ClInclude>
    <ClInclude Include="..\Classes\Money.h">
      <Filter>src</Filter>
    </ClInclude>
    <ClInclude Include="..\Classes\NumberConst.h">
      <Filter>src</Filter>
    </ClInclude>
    <ClInclude Include="..\Classes\Parameter.h">
      <Filter>src</Filter>
    </ClInclude>
    <ClInclude Include="..\Classes\StoreLayer.h">
      <Filter>src</Filter>
    </ClInclude>
    <ClInclude Include="..\Classes\AppDelegate.h">
      <Filter>src</Filter>
    </ClInclude>
    <ClInclude Include="..\Classes\BackgroundLayer.h">
      <Filter>src</Filter>
    </ClInclude>
    <ClInclude Include="..\Classes\Base.h">
      <Filter>src</Filter>
    </ClInclude>
    <ClInclude Include="..\Classes\Bullet.h">
      <Filter>src</Filter>
    </ClInclude>
    <ClInclude Include="..\Classes\BulletObject.h">
      <Filter>src</Filter>
    </ClInclude>
  </ItemGroup>
  <ItemGroup>
    <ResourceCompile Include="game.rc">
      <Filter>resource</Filter>
    </ResourceCompile>
  </ItemGroup>
</Project>